
Microsoft Visual Studio Solution File, Format Version 12.00
# Visual Studio Version 16
VisualStudioVersion = 16.0.30907.101
MinimumVisualStudioVersion = 10.0.40219.1
Project("{FAE04EC0-301F-11D3-BF4B-00C04F79EFBC}") = "matriz1", "matriz1\matriz1.csproj", "{4F8C21BE-AF3F-471D-9E53-60E58B55A866}"
EndProject
Global
	GlobalSection(SolutionConfigurationPlatforms) = preSolution
		Debug|Any CPU = Debug|Any CPU
		Release|Any CPU = Release|Any CPU
	EndGlobalSection
	GlobalSection(ProjectConfigurationPlatforms) = postSolution
		{4F8C21BE-AF3F-471D-9E53-60E58B55A866}.Debug|Any CPU.ActiveCfg = Debug|Any CPU
		{4F8C21BE-AF3F-471D-9E53-60E58B55A866}.Debug|Any CPU.Build.0 = Debug|Any CPU
		{4F8C21BE-AF3F-471D-9E53-60E58B55A866}.Release|Any CPU.ActiveCfg = Release|Any CPU
		{4F8C21BE-AF3F-471D-9E53-60E58B55A866}.Release|Any CPU.Build.0 = Release|Any CPU
	EndGlobalSection
	GlobalSection(SolutionProperties) = preSolution
		HideSolutionNode = FALSE
	EndGlobalSection
	GlobalSection(ExtensibilityGlobals) = postSolution
		SolutionGuid = {B887FE60-8D1E-474E-813C-8B4EF1EF99CE}
	EndGlobalSection
EndGlobal
