
Microsoft Visual Studio Solution File, Format Version 12.00
# Visual Studio Version 16
VisualStudioVersion = 16.0.31005.135
MinimumVisualStudioVersion = 10.0.40219.1
Project("{FAE04EC0-301F-11D3-BF4B-00C04F79EFBC}") = "Banco_Poo", "Banco_Poo\Banco_Poo.csproj", "{10995FD5-1032-48E0-B415-2C6E181B247A}"
EndProject
Global
	GlobalSection(SolutionConfigurationPlatforms) = preSolution
		Debug|Any CPU = Debug|Any CPU
		Release|Any CPU = Release|Any CPU
	EndGlobalSection
	GlobalSection(ProjectConfigurationPlatforms) = postSolution
		{10995FD5-1032-48E0-B415-2C6E181B247A}.Debug|Any CPU.ActiveCfg = Debug|Any CPU
		{10995FD5-1032-48E0-B415-2C6E181B247A}.Debug|Any CPU.Build.0 = Debug|Any CPU
		{10995FD5-1032-48E0-B415-2C6E181B247A}.Release|Any CPU.ActiveCfg = Release|Any CPU
		{10995FD5-1032-48E0-B415-2C6E181B247A}.Release|Any CPU.Build.0 = Release|Any CPU
	EndGlobalSection
	GlobalSection(SolutionProperties) = preSolution
		HideSolutionNode = FALSE
	EndGlobalSection
	GlobalSection(ExtensibilityGlobals) = postSolution
		SolutionGuid = {59B4CF43-AAA2-490D-AAA5-2127BA693404}
	EndGlobalSection
EndGlobal
