
Microsoft Visual Studio Solution File, Format Version 12.00
# Visual Studio Version 16
VisualStudioVersion = 16.0.31005.135
MinimumVisualStudioVersion = 10.0.40219.1
Project("{FAE04EC0-301F-11D3-BF4B-00C04F79EFBC}") = "FilaDinamicaEncadeada", "FilaDinamicaEncadeada\FilaDinamicaEncadeada.csproj", "{450DA4A0-A42D-4603-8301-75A7F05F2E46}"
EndProject
Global
	GlobalSection(SolutionConfigurationPlatforms) = preSolution
		Debug|Any CPU = Debug|Any CPU
		Release|Any CPU = Release|Any CPU
	EndGlobalSection
	GlobalSection(ProjectConfigurationPlatforms) = postSolution
		{450DA4A0-A42D-4603-8301-75A7F05F2E46}.Debug|Any CPU.ActiveCfg = Debug|Any CPU
		{450DA4A0-A42D-4603-8301-75A7F05F2E46}.Debug|Any CPU.Build.0 = Debug|Any CPU
		{450DA4A0-A42D-4603-8301-75A7F05F2E46}.Release|Any CPU.ActiveCfg = Release|Any CPU
		{450DA4A0-A42D-4603-8301-75A7F05F2E46}.Release|Any CPU.Build.0 = Release|Any CPU
	EndGlobalSection
	GlobalSection(SolutionProperties) = preSolution
		HideSolutionNode = FALSE
	EndGlobalSection
	GlobalSection(ExtensibilityGlobals) = postSolution
		SolutionGuid = {E6263227-5179-4A8C-8325-BAF5DDC40DBC}
	EndGlobalSection
EndGlobal
